
Microsoft Visual Studio Solution File, Format Version 12.00
# Visual Studio 15
VisualStudioVersion = 15.0.28307.1300
MinimumVisualStudioVersion = 10.0.40219.1
Project("{8BC9CEB8-8B4A-11D0-8D11-00A0C91BC942}") = "No2557", "2557\2557.vcxproj", "{EC0120FD-552E-43E5-B170-18AC5BA45F0B}"
EndProject
Project("{8BC9CEB8-8B4A-11D0-8D11-00A0C91BC942}") = "No10718", "10718\10718.vcxproj", "{562132F2-2878-4DD0-9783-BED40657DE41}"
EndProject
Project("{8BC9CEB8-8B4A-11D0-8D11-00A0C91BC942}") = "No1000", "No1000\No1000.vcxproj", "{CB683A9F-9F36-4C0C-BB86-8748B5D9D434}"
EndProject
Project("{8BC9CEB8-8B4A-11D0-8D11-00A0C91BC942}") = "No2588", "No2588\No2588.vcxproj", "{DF2F87CF-854D-40AC-8C48-E3F7D72BAD82}"
EndProject
Project("{8BC9CEB8-8B4A-11D0-8D11-00A0C91BC942}") = "No1330", "No1330\No1330.vcxproj", "{682F5A80-E4E7-4099-9ADE-488CD974C856}"
EndProject
Project("{8BC9CEB8-8B4A-11D0-8D11-00A0C91BC942}") = "No9498", "No9498\No9498.vcxproj", "{3B404297-4743-4901-85E1-F08DE814C351}"
EndProject
Project("{8BC9CEB8-8B4A-11D0-8D11-00A0C91BC942}") = "No2753", "No2753\No2753.vcxproj", "{ABFB61EE-4319-436B-B62F-347F1DC06952}"
EndProject
Project("{8BC9CEB8-8B4A-11D0-8D11-00A0C91BC942}") = "No14681", "No14681\No14681.vcxproj", "{38955A20-8C66-4636-9939-8F5FB2D99055}"
EndProject
Project("{8BC9CEB8-8B4A-11D0-8D11-00A0C91BC942}") = "No2884", "No2884\No2884.vcxproj", "{77612E74-6916-48C7-8A25-DCF32D3BE4FF}"
EndProject
Project("{8BC9CEB8-8B4A-11D0-8D11-00A0C91BC942}") = "No2739", "No2739\No2739.vcxproj", "{E1B53B82-C81E-4B52-8B6E-1E5BDF5D0DE8}"
EndProject
Project("{8BC9CEB8-8B4A-11D0-8D11-00A0C91BC942}") = "No10950", "No10950\No10950.vcxproj", "{029571A3-4134-4197-8D1F-0AB4BF68EBD5}"
EndProject
Project("{8BC9CEB8-8B4A-11D0-8D11-00A0C91BC942}") = "No8393", "No8393\No8393.vcxproj", "{734652E8-AD8B-4649-A99F-B12034EF75DA}"
EndProject
Project("{8BC9CEB8-8B4A-11D0-8D11-00A0C91BC942}") = "No10871", "No10871\No10871.vcxproj", "{51BF6BC4-D47F-41EF-97FC-0532DEF5FDFB}"
EndProject
Project("{8BC9CEB8-8B4A-11D0-8D11-00A0C91BC942}") = "No10951", "No10951\No10951.vcxproj", "{1C6C38CB-B611-4E94-8A2F-977157446BE7}"
EndProject
Project("{8BC9CEB8-8B4A-11D0-8D11-00A0C91BC942}") = "No1110", "No1110\No1110.vcxproj", "{FB9E14D7-BFF0-4EB7-9BA2-03ABDAEADB20}"
EndProject
Project("{8BC9CEB8-8B4A-11D0-8D11-00A0C91BC942}") = "No10818", "No10818\No10818.vcxproj", "{049557C7-2515-49CA-9A66-42EC3A5BDFF5}"
EndProject
Project("{8BC9CEB8-8B4A-11D0-8D11-00A0C91BC942}") = "No2577", "No2577\No2577.vcxproj", "{F688B7EC-F9BE-41B9-A97E-0ED4DB0A8CEB}"
EndProject
Project("{8BC9CEB8-8B4A-11D0-8D11-00A0C91BC942}") = "No8958", "No8958\No8958.vcxproj", "{A906AAA8-5616-4593-B8A6-470D5692B690}"
EndProject
Project("{8BC9CEB8-8B4A-11D0-8D11-00A0C91BC942}") = "No15596", "No15596\No15596.vcxproj", "{CFA70F7C-3D8C-48C0-BF3C-C22D870B9CC0}"
EndProject
Project("{8BC9CEB8-8B4A-11D0-8D11-00A0C91BC942}") = "No4673", "No4673\No4673.vcxproj", "{32530F83-3D95-453C-A6BD-C9F2135ADCED}"
EndProject
Global
	GlobalSection(SolutionConfigurationPlatforms) = preSolution
		Debug|x64 = Debug|x64
		Debug|x86 = Debug|x86
		Release|x64 = Release|x64
		Release|x86 = Release|x86
	EndGlobalSection
	GlobalSection(ProjectConfigurationPlatforms) = postSolution
		{EC0120FD-552E-43E5-B170-18AC5BA45F0B}.Debug|x64.ActiveCfg = Debug|x64
		{EC0120FD-552E-43E5-B170-18AC5BA45F0B}.Debug|x64.Build.0 = Debug|x64
		{EC0120FD-552E-43E5-B170-18AC5BA45F0B}.Debug|x86.ActiveCfg = Debug|Win32
		{EC0120FD-552E-43E5-B170-18AC5BA45F0B}.Debug|x86.Build.0 = Debug|Win32
		{EC0120FD-552E-43E5-B170-18AC5BA45F0B}.Release|x64.ActiveCfg = Release|x64
		{EC0120FD-552E-43E5-B170-18AC5BA45F0B}.Release|x64.Build.0 = Release|x64
		{EC0120FD-552E-43E5-B170-18AC5BA45F0B}.Release|x86.ActiveCfg = Release|Win32
		{EC0120FD-552E-43E5-B170-18AC5BA45F0B}.Release|x86.Build.0 = Release|Win32
		{562132F2-2878-4DD0-9783-BED40657DE41}.Debug|x64.ActiveCfg = Debug|x64
		{562132F2-2878-4DD0-9783-BED40657DE41}.Debug|x64.Build.0 = Debug|x64
		{562132F2-2878-4DD0-9783-BED40657DE41}.Debug|x86.ActiveCfg = Debug|Win32
		{562132F2-2878-4DD0-9783-BED40657DE41}.Debug|x86.Build.0 = Debug|Win32
		{562132F2-2878-4DD0-9783-BED40657DE41}.Release|x64.ActiveCfg = Release|x64
		{562132F2-2878-4DD0-9783-BED40657DE41}.Release|x64.Build.0 = Release|x64
		{562132F2-2878-4DD0-9783-BED40657DE41}.Release|x86.ActiveCfg = Release|Win32
		{562132F2-2878-4DD0-9783-BED40657DE41}.Release|x86.Build.0 = Release|Win32
		{CB683A9F-9F36-4C0C-BB86-8748B5D9D434}.Debug|x64.ActiveCfg = Debug|x64
		{CB683A9F-9F36-4C0C-BB86-8748B5D9D434}.Debug|x64.Build.0 = Debug|x64
		{CB683A9F-9F36-4C0C-BB86-8748B5D9D434}.Debug|x86.ActiveCfg = Debug|Win32
		{CB683A9F-9F36-4C0C-BB86-8748B5D9D434}.Debug|x86.Build.0 = Debug|Win32
		{CB683A9F-9F36-4C0C-BB86-8748B5D9D434}.Release|x64.ActiveCfg = Release|x64
		{CB683A9F-9F36-4C0C-BB86-8748B5D9D434}.Release|x64.Build.0 = Release|x64
		{CB683A9F-9F36-4C0C-BB86-8748B5D9D434}.Release|x86.ActiveCfg = Release|Win32
		{CB683A9F-9F36-4C0C-BB86-8748B5D9D434}.Release|x86.Build.0 = Release|Win32
		{DF2F87CF-854D-40AC-8C48-E3F7D72BAD82}.Debug|x64.ActiveCfg = Debug|x64
		{DF2F87CF-854D-40AC-8C48-E3F7D72BAD82}.Debug|x64.Build.0 = Debug|x64
		{DF2F87CF-854D-40AC-8C48-E3F7D72BAD82}.Debug|x86.ActiveCfg = Debug|Win32
		{DF2F87CF-854D-40AC-8C48-E3F7D72BAD82}.Debug|x86.Build.0 = Debug|Win32
		{DF2F87CF-854D-40AC-8C48-E3F7D72BAD82}.Release|x64.ActiveCfg = Release|x64
		{DF2F87CF-854D-40AC-8C48-E3F7D72BAD82}.Release|x64.Build.0 = Release|x64
		{DF2F87CF-854D-40AC-8C48-E3F7D72BAD82}.Release|x86.ActiveCfg = Release|Win32
		{DF2F87CF-854D-40AC-8C48-E3F7D72BAD82}.Release|x86.Build.0 = Release|Win32
		{682F5A80-E4E7-4099-9ADE-488CD974C856}.Debug|x64.ActiveCfg = Debug|x64
		{682F5A80-E4E7-4099-9ADE-488CD974C856}.Debug|x64.Build.0 = Debug|x64
		{682F5A80-E4E7-4099-9ADE-488CD974C856}.Debug|x86.ActiveCfg = Debug|Win32
		{682F5A80-E4E7-4099-9ADE-488CD974C856}.Debug|x86.Build.0 = Debug|Win32
		{682F5A80-E4E7-4099-9ADE-488CD974C856}.Release|x64.ActiveCfg = Release|x64
		{682F5A80-E4E7-4099-9ADE-488CD974C856}.Release|x64.Build.0 = Release|x64
		{682F5A80-E4E7-4099-9ADE-488CD974C856}.Release|x86.ActiveCfg = Release|Win32
		{682F5A80-E4E7-4099-9ADE-488CD974C856}.Release|x86.Build.0 = Release|Win32
		{3B404297-4743-4901-85E1-F08DE814C351}.Debug|x64.ActiveCfg = Debug|x64
		{3B404297-4743-4901-85E1-F08DE814C351}.Debug|x64.Build.0 = Debug|x64
		{3B404297-4743-4901-85E1-F08DE814C351}.Debug|x86.ActiveCfg = Debug|Win32
		{3B404297-4743-4901-85E1-F08DE814C351}.Debug|x86.Build.0 = Debug|Win32
		{3B404297-4743-4901-85E1-F08DE814C351}.Release|x64.ActiveCfg = Release|x64
		{3B404297-4743-4901-85E1-F08DE814C351}.Release|x64.Build.0 = Release|x64
		{3B404297-4743-4901-85E1-F08DE814C351}.Release|x86.ActiveCfg = Release|Win32
		{3B404297-4743-4901-85E1-F08DE814C351}.Release|x86.Build.0 = Release|Win32
		{ABFB61EE-4319-436B-B62F-347F1DC06952}.Debug|x64.ActiveCfg = Debug|x64
		{ABFB61EE-4319-436B-B62F-347F1DC06952}.Debug|x64.Build.0 = Debug|x64
		{ABFB61EE-4319-436B-B62F-347F1DC06952}.Debug|x86.ActiveCfg = Debug|Win32
		{ABFB61EE-4319-436B-B62F-347F1DC06952}.Debug|x86.Build.0 = Debug|Win32
		{ABFB61EE-4319-436B-B62F-347F1DC06952}.Release|x64.ActiveCfg = Release|x64
		{ABFB61EE-4319-436B-B62F-347F1DC06952}.Release|x64.Build.0 = Release|x64
		{ABFB61EE-4319-436B-B62F-347F1DC06952}.Release|x86.ActiveCfg = Release|Win32
		{ABFB61EE-4319-436B-B62F-347F1DC06952}.Release|x86.Build.0 = Release|Win32
		{38955A20-8C66-4636-9939-8F5FB2D99055}.Debug|x64.ActiveCfg = Debug|x64
		{38955A20-8C66-4636-9939-8F5FB2D99055}.Debug|x64.Build.0 = Debug|x64
		{38955A20-8C66-4636-9939-8F5FB2D99055}.Debug|x86.ActiveCfg = Debug|Win32
		{38955A20-8C66-4636-9939-8F5FB2D99055}.Debug|x86.Build.0 = Debug|Win32
		{38955A20-8C66-4636-9939-8F5FB2D99055}.Release|x64.ActiveCfg = Release|x64
		{38955A20-8C66-4636-9939-8F5FB2D99055}.Release|x64.Build.0 = Release|x64
		{38955A20-8C66-4636-9939-8F5FB2D99055}.Release|x86.ActiveCfg = Release|Win32
		{38955A20-8C66-4636-9939-8F5FB2D99055}.Release|x86.Build.0 = Release|Win32
		{77612E74-6916-48C7-8A25-DCF32D3BE4FF}.Debug|x64.ActiveCfg = Debug|x64
		{77612E74-6916-48C7-8A25-DCF32D3BE4FF}.Debug|x64.Build.0 = Debug|x64
		{77612E74-6916-48C7-8A25-DCF32D3BE4FF}.Debug|x86.ActiveCfg = Debug|Win32
		{77612E74-6916-48C7-8A25-DCF32D3BE4FF}.Debug|x86.Build.0 = Debug|Win32
		{77612E74-6916-48C7-8A25-DCF32D3BE4FF}.Release|x64.ActiveCfg = Release|x64
		{77612E74-6916-48C7-8A25-DCF32D3BE4FF}.Release|x64.Build.0 = Release|x64
		{77612E74-6916-48C7-8A25-DCF32D3BE4FF}.Release|x86.ActiveCfg = Release|Win32
		{77612E74-6916-48C7-8A25-DCF32D3BE4FF}.Release|x86.Build.0 = Release|Win32
		{E1B53B82-C81E-4B52-8B6E-1E5BDF5D0DE8}.Debug|x64.ActiveCfg = Debug|x64
		{E1B53B82-C81E-4B52-8B6E-1E5BDF5D0DE8}.Debug|x64.Build.0 = Debug|x64
		{E1B53B82-C81E-4B52-8B6E-1E5BDF5D0DE8}.Debug|x86.ActiveCfg = Debug|Win32
		{E1B53B82-C81E-4B52-8B6E-1E5BDF5D0DE8}.Debug|x86.Build.0 = Debug|Win32
		{E1B53B82-C81E-4B52-8B6E-1E5BDF5D0DE8}.Release|x64.ActiveCfg = Release|x64
		{E1B53B82-C81E-4B52-8B6E-1E5BDF5D0DE8}.Release|x64.Build.0 = Release|x64
		{E1B53B82-C81E-4B52-8B6E-1E5BDF5D0DE8}.Release|x86.ActiveCfg = Release|Win32
		{E1B53B82-C81E-4B52-8B6E-1E5BDF5D0DE8}.Release|x86.Build.0 = Release|Win32
		{029571A3-4134-4197-8D1F-0AB4BF68EBD5}.Debug|x64.ActiveCfg = Debug|x64
		{029571A3-4134-4197-8D1F-0AB4BF68EBD5}.Debug|x64.Build.0 = Debug|x64
		{029571A3-4134-4197-8D1F-0AB4BF68EBD5}.Debug|x86.ActiveCfg = Debug|Win32
		{029571A3-4134-4197-8D1F-0AB4BF68EBD5}.Debug|x86.Build.0 = Debug|Win32
		{029571A3-4134-4197-8D1F-0AB4BF68EBD5}.Release|x64.ActiveCfg = Release|x64
		{029571A3-4134-4197-8D1F-0AB4BF68EBD5}.Release|x64.Build.0 = Release|x64
		{029571A3-4134-4197-8D1F-0AB4BF68EBD5}.Release|x86.ActiveCfg = Release|Win32
		{029571A3-4134-4197-8D1F-0AB4BF68EBD5}.Release|x86.Build.0 = Release|Win32
		{734652E8-AD8B-4649-A99F-B12034EF75DA}.Debug|x64.ActiveCfg = Debug|x64
		{734652E8-AD8B-4649-A99F-B12034EF75DA}.Debug|x64.Build.0 = Debug|x64
		{734652E8-AD8B-4649-A99F-B12034EF75DA}.Debug|x86.ActiveCfg = Debug|Win32
		{734652E8-AD8B-4649-A99F-B12034EF75DA}.Debug|x86.Build.0 = Debug|Win32
		{734652E8-AD8B-4649-A99F-B12034EF75DA}.Release|x64.ActiveCfg = Release|x64
		{734652E8-AD8B-4649-A99F-B12034EF75DA}.Release|x64.Build.0 = Release|x64
		{734652E8-AD8B-4649-A99F-B12034EF75DA}.Release|x86.ActiveCfg = Release|Win32
		{734652E8-AD8B-4649-A99F-B12034EF75DA}.Release|x86.Build.0 = Release|Win32
		{51BF6BC4-D47F-41EF-97FC-0532DEF5FDFB}.Debug|x64.ActiveCfg = Debug|x64
		{51BF6BC4-D47F-41EF-97FC-0532DEF5FDFB}.Debug|x64.Build.0 = Debug|x64
		{51BF6BC4-D47F-41EF-97FC-0532DEF5FDFB}.Debug|x86.ActiveCfg = Debug|Win32
		{51BF6BC4-D47F-41EF-97FC-0532DEF5FDFB}.Debug|x86.Build.0 = Debug|Win32
		{51BF6BC4-D47F-41EF-97FC-0532DEF5FDFB}.Release|x64.ActiveCfg = Release|x64
		{51BF6BC4-D47F-41EF-97FC-0532DEF5FDFB}.Release|x64.Build.0 = Release|x64
		{51BF6BC4-D47F-41EF-97FC-0532DEF5FDFB}.Release|x86.ActiveCfg = Release|Win32
		{51BF6BC4-D47F-41EF-97FC-0532DEF5FDFB}.Release|x86.Build.0 = Release|Win32
		{1C6C38CB-B611-4E94-8A2F-977157446BE7}.Debug|x64.ActiveCfg = Debug|x64
		{1C6C38CB-B611-4E94-8A2F-977157446BE7}.Debug|x64.Build.0 = Debug|x64
		{1C6C38CB-B611-4E94-8A2F-977157446BE7}.Debug|x86.ActiveCfg = Debug|Win32
		{1C6C38CB-B611-4E94-8A2F-977157446BE7}.Debug|x86.Build.0 = Debug|Win32
		{1C6C38CB-B611-4E94-8A2F-977157446BE7}.Release|x64.ActiveCfg = Release|x64
		{1C6C38CB-B611-4E94-8A2F-977157446BE7}.Release|x64.Build.0 = Release|x64
		{1C6C38CB-B611-4E94-8A2F-977157446BE7}.Release|x86.ActiveCfg = Release|Win32
		{1C6C38CB-B611-4E94-8A2F-977157446BE7}.Release|x86.Build.0 = Release|Win32
		{FB9E14D7-BFF0-4EB7-9BA2-03ABDAEADB20}.Debug|x64.ActiveCfg = Debug|x64
		{FB9E14D7-BFF0-4EB7-9BA2-03ABDAEADB20}.Debug|x64.Build.0 = Debug|x64
		{FB9E14D7-BFF0-4EB7-9BA2-03ABDAEADB20}.Debug|x86.ActiveCfg = Debug|Win32
		{FB9E14D7-BFF0-4EB7-9BA2-03ABDAEADB20}.Debug|x86.Build.0 = Debug|Win32
		{FB9E14D7-BFF0-4EB7-9BA2-03ABDAEADB20}.Release|x64.ActiveCfg = Release|x64
		{FB9E14D7-BFF0-4EB7-9BA2-03ABDAEADB20}.Release|x64.Build.0 = Release|x64
		{FB9E14D7-BFF0-4EB7-9BA2-03ABDAEADB20}.Release|x86.ActiveCfg = Release|Win32
		{FB9E14D7-BFF0-4EB7-9BA2-03ABDAEADB20}.Release|x86.Build.0 = Release|Win32
		{049557C7-2515-49CA-9A66-42EC3A5BDFF5}.Debug|x64.ActiveCfg = Debug|x64
		{049557C7-2515-49CA-9A66-42EC3A5BDFF5}.Debug|x64.Build.0 = Debug|x64
		{049557C7-2515-49CA-9A66-42EC3A5BDFF5}.Debug|x86.ActiveCfg = Debug|Win32
		{049557C7-2515-49CA-9A66-42EC3A5BDFF5}.Debug|x86.Build.0 = Debug|Win32
		{049557C7-2515-49CA-9A66-42EC3A5BDFF5}.Release|x64.ActiveCfg = Release|x64
		{049557C7-2515-49CA-9A66-42EC3A5BDFF5}.Release|x64.Build.0 = Release|x64
		{049557C7-2515-49CA-9A66-42EC3A5BDFF5}.Release|x86.ActiveCfg = Release|Win32
		{049557C7-2515-49CA-9A66-42EC3A5BDFF5}.Release|x86.Build.0 = Release|Win32
		{F688B7EC-F9BE-41B9-A97E-0ED4DB0A8CEB}.Debug|x64.ActiveCfg = Debug|x64
		{F688B7EC-F9BE-41B9-A97E-0ED4DB0A8CEB}.Debug|x64.Build.0 = Debug|x64
		{F688B7EC-F9BE-41B9-A97E-0ED4DB0A8CEB}.Debug|x86.ActiveCfg = Debug|Win32
		{F688B7EC-F9BE-41B9-A97E-0ED4DB0A8CEB}.Debug|x86.Build.0 = Debug|Win32
		{F688B7EC-F9BE-41B9-A97E-0ED4DB0A8CEB}.Release|x64.ActiveCfg = Release|x64
		{F688B7EC-F9BE-41B9-A97E-0ED4DB0A8CEB}.Release|x64.Build.0 = Release|x64
		{F688B7EC-F9BE-41B9-A97E-0ED4DB0A8CEB}.Release|x86.ActiveCfg = Release|Win32
		{F688B7EC-F9BE-41B9-A97E-0ED4DB0A8CEB}.Release|x86.Build.0 = Release|Win32
		{A906AAA8-5616-4593-B8A6-470D5692B690}.Debug|x64.ActiveCfg = Debug|x64
		{A906AAA8-5616-4593-B8A6-470D5692B690}.Debug|x64.Build.0 = Debug|x64
		{A906AAA8-5616-4593-B8A6-470D5692B690}.Debug|x86.ActiveCfg = Debug|Win32
		{A906AAA8-5616-4593-B8A6-470D5692B690}.Debug|x86.Build.0 = Debug|Win32
		{A906AAA8-5616-4593-B8A6-470D5692B690}.Release|x64.ActiveCfg = Release|x64
		{A906AAA8-5616-4593-B8A6-470D5692B690}.Release|x64.Build.0 = Release|x64
		{A906AAA8-5616-4593-B8A6-470D5692B690}.Release|x86.ActiveCfg = Release|Win32
		{A906AAA8-5616-4593-B8A6-470D5692B690}.Release|x86.Build.0 = Release|Win32
		{CFA70F7C-3D8C-48C0-BF3C-C22D870B9CC0}.Debug|x64.ActiveCfg = Debug|x64
		{CFA70F7C-3D8C-48C0-BF3C-C22D870B9CC0}.Debug|x64.Build.0 = Debug|x64
		{CFA70F7C-3D8C-48C0-BF3C-C22D870B9CC0}.Debug|x86.ActiveCfg = Debug|Win32
		{CFA70F7C-3D8C-48C0-BF3C-C22D870B9CC0}.Debug|x86.Build.0 = Debug|Win32
		{CFA70F7C-3D8C-48C0-BF3C-C22D870B9CC0}.Release|x64.ActiveCfg = Release|x64
		{CFA70F7C-3D8C-48C0-BF3C-C22D870B9CC0}.Release|x64.Build.0 = Release|x64
		{CFA70F7C-3D8C-48C0-BF3C-C22D870B9CC0}.Release|x86.ActiveCfg = Release|Win32
		{CFA70F7C-3D8C-48C0-BF3C-C22D870B9CC0}.Release|x86.Build.0 = Release|Win32
		{32530F83-3D95-453C-A6BD-C9F2135ADCED}.Debug|x64.ActiveCfg = Debug|x64
		{32530F83-3D95-453C-A6BD-C9F2135ADCED}.Debug|x64.Build.0 = Debug|x64
		{32530F83-3D95-453C-A6BD-C9F2135ADCED}.Debug|x86.ActiveCfg = Debug|Win32
		{32530F83-3D95-453C-A6BD-C9F2135ADCED}.Debug|x86.Build.0 = Debug|Win32
		{32530F83-3D95-453C-A6BD-C9F2135ADCED}.Release|x64.ActiveCfg = Release|x64
		{32530F83-3D95-453C-A6BD-C9F2135ADCED}.Release|x64.Build.0 = Release|x64
		{32530F83-3D95-453C-A6BD-C9F2135ADCED}.Release|x86.ActiveCfg = Release|Win32
		{32530F83-3D95-453C-A6BD-C9F2135ADCED}.Release|x86.Build.0 = Release|Win32
	EndGlobalSection
	GlobalSection(SolutionProperties) = preSolution
		HideSolutionNode = FALSE
	EndGlobalSection
	GlobalSection(ExtensibilityGlobals) = postSolution
		SolutionGuid = {0991C90C-43A8-4302-9B8E-0ECE8A6B0CF1}
	EndGlobalSection
EndGlobal
